
Microsoft Visual Studio Solution File, Format Version 12.00
# Visual Studio 15
VisualStudioVersion = 15.0.26430.6
MinimumVisualStudioVersion = 10.0.40219.1
Project("{FAE04EC0-301F-11D3-BF4B-00C04F79EFBC}") = "IntraDayPowerPositionService", "IntraDayPowerPosition\IntraDayPowerPositionService.csproj", "{52BF1631-D651-4DF7-B86A-D436A7E4A289}"
EndProject
Project("{FAE04EC0-301F-11D3-BF4B-00C04F79EFBC}") = "ReportManager", "ReportManager\ReportManager.csproj", "{E98A31EE-F237-485B-8499-60F4E346C849}"
EndProject
Project("{FAE04EC0-301F-11D3-BF4B-00C04F79EFBC}") = "PowerDataAccess", "PowerDataAccess\PowerDataAccess.csproj", "{C4594E3A-C7F7-444D-BEB7-837978A6E8BF}"
EndProject
Project("{FAE04EC0-301F-11D3-BF4B-00C04F79EFBC}") = "PowerReportGenerator", "PowerReportGenerator\PowerReportGenerator.csproj", "{6CFA3151-EF26-4670-95F3-21831769BDBC}"
EndProject
Project("{FAE04EC0-301F-11D3-BF4B-00C04F79EFBC}") = "PowerDataCommon", "PowerDataCommon\PowerDataCommon.csproj", "{437D664A-8A22-4A26-91C0-632CE5868095}"
EndProject
Global
	GlobalSection(SolutionConfigurationPlatforms) = preSolution
		Debug|Any CPU = Debug|Any CPU
		Release|Any CPU = Release|Any CPU
	EndGlobalSection
	GlobalSection(ProjectConfigurationPlatforms) = postSolution
		{52BF1631-D651-4DF7-B86A-D436A7E4A289}.Debug|Any CPU.ActiveCfg = Debug|Any CPU
		{52BF1631-D651-4DF7-B86A-D436A7E4A289}.Debug|Any CPU.Build.0 = Debug|Any CPU
		{52BF1631-D651-4DF7-B86A-D436A7E4A289}.Release|Any CPU.ActiveCfg = Release|Any CPU
		{52BF1631-D651-4DF7-B86A-D436A7E4A289}.Release|Any CPU.Build.0 = Release|Any CPU
		{E98A31EE-F237-485B-8499-60F4E346C849}.Debug|Any CPU.ActiveCfg = Debug|Any CPU
		{E98A31EE-F237-485B-8499-60F4E346C849}.Debug|Any CPU.Build.0 = Debug|Any CPU
		{E98A31EE-F237-485B-8499-60F4E346C849}.Release|Any CPU.ActiveCfg = Release|Any CPU
		{E98A31EE-F237-485B-8499-60F4E346C849}.Release|Any CPU.Build.0 = Release|Any CPU
		{C4594E3A-C7F7-444D-BEB7-837978A6E8BF}.Debug|Any CPU.ActiveCfg = Debug|Any CPU
		{C4594E3A-C7F7-444D-BEB7-837978A6E8BF}.Debug|Any CPU.Build.0 = Debug|Any CPU
		{C4594E3A-C7F7-444D-BEB7-837978A6E8BF}.Release|Any CPU.ActiveCfg = Release|Any CPU
		{C4594E3A-C7F7-444D-BEB7-837978A6E8BF}.Release|Any CPU.Build.0 = Release|Any CPU
		{6CFA3151-EF26-4670-95F3-21831769BDBC}.Debug|Any CPU.ActiveCfg = Debug|Any CPU
		{6CFA3151-EF26-4670-95F3-21831769BDBC}.Debug|Any CPU.Build.0 = Debug|Any CPU
		{6CFA3151-EF26-4670-95F3-21831769BDBC}.Release|Any CPU.ActiveCfg = Release|Any CPU
		{6CFA3151-EF26-4670-95F3-21831769BDBC}.Release|Any CPU.Build.0 = Release|Any CPU
		{437D664A-8A22-4A26-91C0-632CE5868095}.Debug|Any CPU.ActiveCfg = Debug|Any CPU
		{437D664A-8A22-4A26-91C0-632CE5868095}.Debug|Any CPU.Build.0 = Debug|Any CPU
		{437D664A-8A22-4A26-91C0-632CE5868095}.Release|Any CPU.ActiveCfg = Release|Any CPU
		{437D664A-8A22-4A26-91C0-632CE5868095}.Release|Any CPU.Build.0 = Release|Any CPU
	EndGlobalSection
	GlobalSection(SolutionProperties) = preSolution
		HideSolutionNode = FALSE
	EndGlobalSection
EndGlobal
